// !$*UTF8*$!
{
	archiveVersion = 1;
	classes = {
	};
	objectVersion = 46;
	objects = {

/* Begin PBXBuildFile section */
		22735B131E70493A009CC5A5 /* ChallengeVC.swift in Sources */ = {isa = PBXBuildFile; fileRef = 22735B121E70493A009CC5A5 /* ChallengeVC.swift */; };
		22735B151E704FE0009CC5A5 /* UIColor.swift in Sources */ = {isa = PBXBuildFile; fileRef = 22735B141E704FE0009CC5A5 /* UIColor.swift */; };
		22B6A60C1E6048C400F9B9AC /* PeripheralLetter.swift in Sources */ = {isa = PBXBuildFile; fileRef = 22B6A60B1E6048C400F9B9AC /* PeripheralLetter.swift */; };
		3841542F1E4DD82300F06081 /* BluetoothConnectionDelegate.swift in Sources */ = {isa = PBXBuildFile; fileRef = 3841542E1E4DD82300F06081 /* BluetoothConnectionDelegate.swift */; };
		384154311E4DD82E00F06081 /* ProgressMessage.swift in Sources */ = {isa = PBXBuildFile; fileRef = 384154301E4DD82E00F06081 /* ProgressMessage.swift */; };
		384154351E4DD84200F06081 /* MBProgressHUD.m in Sources */ = {isa = PBXBuildFile; fileRef = 384154341E4DD84200F06081 /* MBProgressHUD.m */; };
		3841543E1E4DF2C500F06081 /* MainVC.swift in Sources */ = {isa = PBXBuildFile; fileRef = 3841543D1E4DF2C500F06081 /* MainVC.swift */; };
		3841544D1E51B8C600F06081 /* TableView.swift in Sources */ = {isa = PBXBuildFile; fileRef = 3841544C1E51B8C600F06081 /* TableView.swift */; };
		384154521E51C10D00F06081 /* DisconnectButton.swift in Sources */ = {isa = PBXBuildFile; fileRef = 384154511E51C10D00F06081 /* DisconnectButton.swift */; };
		384154551E51DB4900F06081 /* SettingView.swift in Sources */ = {isa = PBXBuildFile; fileRef = 384154541E51DB4900F06081 /* SettingView.swift */; };
		384154571E51F7F200F06081 /* RgbVC.swift in Sources */ = {isa = PBXBuildFile; fileRef = 384154561E51F7F200F06081 /* RgbVC.swift */; };
		388699911E4DD008006BC37E /* AppDelegate.swift in Sources */ = {isa = PBXBuildFile; fileRef = 388699901E4DD008006BC37E /* AppDelegate.swift */; };
		388699931E4DD008006BC37E /* ScanVC.swift in Sources */ = {isa = PBXBuildFile; fileRef = 388699921E4DD008006BC37E /* ScanVC.swift */; };
		388699961E4DD008006BC37E /* Main.storyboard in Resources */ = {isa = PBXBuildFile; fileRef = 388699941E4DD008006BC37E /* Main.storyboard */; };
		388699981E4DD008006BC37E /* Assets.xcassets in Resources */ = {isa = PBXBuildFile; fileRef = 388699971E4DD008006BC37E /* Assets.xcassets */; };
		3886999B1E4DD008006BC37E /* LaunchScreen.storyboard in Resources */ = {isa = PBXBuildFile; fileRef = 388699991E4DD008006BC37E /* LaunchScreen.storyboard */; };
		38DD23BE1E54959C0023F613 /* Font.swift in Sources */ = {isa = PBXBuildFile; fileRef = 38DD23BD1E54959C0023F613 /* Font.swift */; };
		38DD23C01E55A5EE0023F613 /* LedVC.swift in Sources */ = {isa = PBXBuildFile; fileRef = 38DD23BF1E55A5EE0023F613 /* LedVC.swift */; };
		38DD23C21E55DA720023F613 /* ServoVC.swift in Sources */ = {isa = PBXBuildFile; fileRef = 38DD23C11E55DA720023F613 /* ServoVC.swift */; };
		38DD23C51E55F7620023F613 /* BuzzerVC.swift in Sources */ = {isa = PBXBuildFile; fileRef = 38DD23C41E55F7620023F613 /* BuzzerVC.swift */; };
/* End PBXBuildFile section */

/* Begin PBXFileReference section */
		22735B121E70493A009CC5A5 /* ChallengeVC.swift */ = {isa = PBXFileReference; fileEncoding = 4; lastKnownFileType = sourcecode.swift; path = ChallengeVC.swift; sourceTree = "<group>"; };
		22735B141E704FE0009CC5A5 /* UIColor.swift */ = {isa = PBXFileReference; fileEncoding = 4; lastKnownFileType = sourcecode.swift; path = UIColor.swift; sourceTree = "<group>"; };
		22B6A60B1E6048C400F9B9AC /* PeripheralLetter.swift */ = {isa = PBXFileReference; fileEncoding = 4; lastKnownFileType = sourcecode.swift; path = PeripheralLetter.swift; sourceTree = "<group>"; };
		3841542E1E4DD82300F06081 /* BluetoothConnectionDelegate.swift */ = {isa = PBXFileReference; fileEncoding = 4; lastKnownFileType = sourcecode.swift; path = BluetoothConnectionDelegate.swift; sourceTree = "<group>"; };
		384154301E4DD82E00F06081 /* ProgressMessage.swift */ = {isa = PBXFileReference; fileEncoding = 4; lastKnownFileType = sourcecode.swift; path = ProgressMessage.swift; sourceTree = "<group>"; };
		384154321E4DD84100F06081 /* Ordina_IoT-Bridging-Header.h */ = {isa = PBXFileReference; lastKnownFileType = sourcecode.c.h; path = "Ordina_IoT-Bridging-Header.h"; sourceTree = "<group>"; };
		384154331E4DD84200F06081 /* MBProgressHUD.h */ = {isa = PBXFileReference; fileEncoding = 4; lastKnownFileType = sourcecode.c.h; path = MBProgressHUD.h; sourceTree = "<group>"; };
		384154341E4DD84200F06081 /* MBProgressHUD.m */ = {isa = PBXFileReference; fileEncoding = 4; lastKnownFileType = sourcecode.c.objc; path = MBProgressHUD.m; sourceTree = "<group>"; };
		3841543D1E4DF2C500F06081 /* MainVC.swift */ = {isa = PBXFileReference; fileEncoding = 4; lastKnownFileType = sourcecode.swift; path = MainVC.swift; sourceTree = "<group>"; };
		3841544C1E51B8C600F06081 /* TableView.swift */ = {isa = PBXFileReference; fileEncoding = 4; lastKnownFileType = sourcecode.swift; path = TableView.swift; sourceTree = "<group>"; };
		384154511E51C10D00F06081 /* DisconnectButton.swift */ = {isa = PBXFileReference; fileEncoding = 4; lastKnownFileType = sourcecode.swift; path = DisconnectButton.swift; sourceTree = "<group>"; };
		384154541E51DB4900F06081 /* SettingView.swift */ = {isa = PBXFileReference; fileEncoding = 4; lastKnownFileType = sourcecode.swift; path = SettingView.swift; sourceTree = "<group>"; };
		384154561E51F7F200F06081 /* RgbVC.swift */ = {isa = PBXFileReference; fileEncoding = 4; lastKnownFileType = sourcecode.swift; path = RgbVC.swift; sourceTree = "<group>"; };
		3886998D1E4DD008006BC37E /* Ordina_IoT.app */ = {isa = PBXFileReference; explicitFileType = wrapper.application; includeInIndex = 0; path = Ordina_IoT.app; sourceTree = BUILT_PRODUCTS_DIR; };
		388699901E4DD008006BC37E /* AppDelegate.swift */ = {isa = PBXFileReference; lastKnownFileType = sourcecode.swift; path = AppDelegate.swift; sourceTree = "<group>"; };
		388699921E4DD008006BC37E /* ScanVC.swift */ = {isa = PBXFileReference; lastKnownFileType = sourcecode.swift; path = ScanVC.swift; sourceTree = "<group>"; };
		388699951E4DD008006BC37E /* Base */ = {isa = PBXFileReference; lastKnownFileType = file.storyboard; name = Base; path = Base.lproj/Main.storyboard; sourceTree = "<group>"; };
		388699971E4DD008006BC37E /* Assets.xcassets */ = {isa = PBXFileReference; lastKnownFileType = folder.assetcatalog; path = Assets.xcassets; sourceTree = "<group>"; };
		3886999A1E4DD008006BC37E /* Base */ = {isa = PBXFileReference; lastKnownFileType = file.storyboard; name = Base; path = Base.lproj/LaunchScreen.storyboard; sourceTree = "<group>"; };
		3886999C1E4DD008006BC37E /* Info.plist */ = {isa = PBXFileReference; lastKnownFileType = text.plist.xml; path = Info.plist; sourceTree = "<group>"; };
		38DD23BD1E54959C0023F613 /* Font.swift */ = {isa = PBXFileReference; fileEncoding = 4; lastKnownFileType = sourcecode.swift; path = Font.swift; sourceTree = "<group>"; };
		38DD23BF1E55A5EE0023F613 /* LedVC.swift */ = {isa = PBXFileReference; fileEncoding = 4; lastKnownFileType = sourcecode.swift; path = LedVC.swift; sourceTree = "<group>"; };
		38DD23C11E55DA720023F613 /* ServoVC.swift */ = {isa = PBXFileReference; fileEncoding = 4; lastKnownFileType = sourcecode.swift; path = ServoVC.swift; sourceTree = "<group>"; };
		38DD23C41E55F7620023F613 /* BuzzerVC.swift */ = {isa = PBXFileReference; fileEncoding = 4; lastKnownFileType = sourcecode.swift; path = BuzzerVC.swift; sourceTree = "<group>"; };
/* End PBXFileReference section */

/* Begin PBXFrameworksBuildPhase section */
		3886998A1E4DD008006BC37E /* Frameworks */ = {
			isa = PBXFrameworksBuildPhase;
			buildActionMask = 2147483647;
			files = (
			);
			runOnlyForDeploymentPostprocessing = 0;
		};
/* End PBXFrameworksBuildPhase section */

/* Begin PBXGroup section */
		384154391E4DF1DA00F06081 /* Model */ = {
			isa = PBXGroup;
			children = (
				3841542E1E4DD82300F06081 /* BluetoothConnectionDelegate.swift */,
				22B6A60B1E6048C400F9B9AC /* PeripheralLetter.swift */,
			);
			name = Model;
			sourceTree = "<group>";
		};
		3841543A1E4DF1E200F06081 /* View */ = {
			isa = PBXGroup;
			children = (
				3841543C1E4DF23500F06081 /* Progress View */,
				3841544C1E51B8C600F06081 /* TableView.swift */,
				384154511E51C10D00F06081 /* DisconnectButton.swift */,
				384154541E51DB4900F06081 /* SettingView.swift */,
			);
			name = View;
			sourceTree = "<group>";
		};
		3841543B1E4DF1EB00F06081 /* Controller */ = {
			isa = PBXGroup;
			children = (
				388699921E4DD008006BC37E /* ScanVC.swift */,
				3841543D1E4DF2C500F06081 /* MainVC.swift */,
				384154561E51F7F200F06081 /* RgbVC.swift */,
				38DD23BF1E55A5EE0023F613 /* LedVC.swift */,
				38DD23C11E55DA720023F613 /* ServoVC.swift */,
				38DD23C41E55F7620023F613 /* BuzzerVC.swift */,
				22735B121E70493A009CC5A5 /* ChallengeVC.swift */,
			);
			name = Controller;
			sourceTree = "<group>";
		};
		3841543C1E4DF23500F06081 /* Progress View */ = {
			isa = PBXGroup;
			children = (
				384154331E4DD84200F06081 /* MBProgressHUD.h */,
				384154341E4DD84200F06081 /* MBProgressHUD.m */,
				384154301E4DD82E00F06081 /* ProgressMessage.swift */,
			);
			name = "Progress View";
			sourceTree = "<group>";
		};
		388699841E4DD008006BC37E = {
			isa = PBXGroup;
			children = (
				3886998F1E4DD008006BC37E /* Ordina_IoT */,
				3886998E1E4DD008006BC37E /* Products */,
			);
			sourceTree = "<group>";
		};
		3886998E1E4DD008006BC37E /* Products */ = {
			isa = PBXGroup;
			children = (
				3886998D1E4DD008006BC37E /* Ordina_IoT.app */,
			);
			name = Products;
			sourceTree = "<group>";
		};
		3886998F1E4DD008006BC37E /* Ordina_IoT */ = {
			isa = PBXGroup;
			children = (
				38DD23BC1E5495860023F613 /* Extension */,
				384154391E4DF1DA00F06081 /* Model */,
				3841543A1E4DF1E200F06081 /* View */,
				3841543B1E4DF1EB00F06081 /* Controller */,
				388699901E4DD008006BC37E /* AppDelegate.swift */,
				388699941E4DD008006BC37E /* Main.storyboard */,
				388699991E4DD008006BC37E /* LaunchScreen.storyboard */,
				388699971E4DD008006BC37E /* Assets.xcassets */,
				3886999C1E4DD008006BC37E /* Info.plist */,
				384154321E4DD84100F06081 /* Ordina_IoT-Bridging-Header.h */,
			);
			path = Ordina_IoT;
			sourceTree = "<group>";
		};
		38DD23BC1E5495860023F613 /* Extension */ = {
			isa = PBXGroup;
			children = (
				38DD23BD1E54959C0023F613 /* Font.swift */,
				22735B141E704FE0009CC5A5 /* UIColor.swift */,
			);
			name = Extension;
			sourceTree = "<group>";
		};
/* End PBXGroup section */

/* Begin PBXNativeTarget section */
		3886998C1E4DD008006BC37E /* Ordina_IoT */ = {
			isa = PBXNativeTarget;
			buildConfigurationList = 3886999F1E4DD008006BC37E /* Build configuration list for PBXNativeTarget "Ordina_IoT" */;
			buildPhases = (
				388699891E4DD008006BC37E /* Sources */,
				3886998A1E4DD008006BC37E /* Frameworks */,
				3886998B1E4DD008006BC37E /* Resources */,
			);
			buildRules = (
			);
			dependencies = (
			);
			name = Ordina_IoT;
			productName = Ordina_IoT;
			productReference = 3886998D1E4DD008006BC37E /* Ordina_IoT.app */;
			productType = "com.apple.product-type.application";
		};
/* End PBXNativeTarget section */

/* Begin PBXProject section */
		388699851E4DD008006BC37E /* Project object */ = {
			isa = PBXProject;
			attributes = {
				LastSwiftUpdateCheck = 0820;
				LastUpgradeCheck = 0820;
				ORGANIZATIONNAME = Wo.;
				TargetAttributes = {
					3886998C1E4DD008006BC37E = {
						CreatedOnToolsVersion = 8.2.1;
						DevelopmentTeam = U8Y4L9ZULC;
						LastSwiftMigration = 0820;
						ProvisioningStyle = Automatic;
					};
				};
			};
			buildConfigurationList = 388699881E4DD008006BC37E /* Build configuration list for PBXProject "Ordina_IoT" */;
			compatibilityVersion = "Xcode 3.2";
			developmentRegion = English;
			hasScannedForEncodings = 0;
			knownRegions = (
				en,
				Base,
			);
			mainGroup = 388699841E4DD008006BC37E;
			productRefGroup = 3886998E1E4DD008006BC37E /* Products */;
			projectDirPath = "";
			projectRoot = "";
			targets = (
				3886998C1E4DD008006BC37E /* Ordina_IoT */,
			);
		};
/* End PBXProject section */

/* Begin PBXResourcesBuildPhase section */
		3886998B1E4DD008006BC37E /* Resources */ = {
			isa = PBXResourcesBuildPhase;
			buildActionMask = 2147483647;
			files = (
				3886999B1E4DD008006BC37E /* LaunchScreen.storyboard in Resources */,
				388699981E4DD008006BC37E /* Assets.xcassets in Resources */,
				388699961E4DD008006BC37E /* Main.storyboard in Resources */,
			);
			runOnlyForDeploymentPostprocessing = 0;
		};
/* End PBXResourcesBuildPhase section */

/* Begin PBXSourcesBuildPhase section */
		388699891E4DD008006BC37E /* Sources */ = {
			isa = PBXSourcesBuildPhase;
			buildActionMask = 2147483647;
			files = (
				3841542F1E4DD82300F06081 /* BluetoothConnectionDelegate.swift in Sources */,
				38DD23BE1E54959C0023F613 /* Font.swift in Sources */,
				3841543E1E4DF2C500F06081 /* MainVC.swift in Sources */,
				22735B151E704FE0009CC5A5 /* UIColor.swift in Sources */,
				384154571E51F7F200F06081 /* RgbVC.swift in Sources */,
				38DD23C51E55F7620023F613 /* BuzzerVC.swift in Sources */,
				38DD23C21E55DA720023F613 /* ServoVC.swift in Sources */,
				38DD23C01E55A5EE0023F613 /* LedVC.swift in Sources */,
				388699931E4DD008006BC37E /* ScanVC.swift in Sources */,
				22735B131E70493A009CC5A5 /* ChallengeVC.swift in Sources */,
				3841544D1E51B8C600F06081 /* TableView.swift in Sources */,
				384154351E4DD84200F06081 /* MBProgressHUD.m in Sources */,
				384154311E4DD82E00F06081 /* ProgressMessage.swift in Sources */,
				388699911E4DD008006BC37E /* AppDelegate.swift in Sources */,
				22B6A60C1E6048C400F9B9AC /* PeripheralLetter.swift in Sources */,
				384154521E51C10D00F06081 /* DisconnectButton.swift in Sources */,
				384154551E51DB4900F06081 /* SettingView.swift in Sources */,
			);
			runOnlyForDeploymentPostprocessing = 0;
		};
/* End PBXSourcesBuildPhase section */

/* Begin PBXVariantGroup section */
		388699941E4DD008006BC37E /* Main.storyboard */ = {
			isa = PBXVariantGroup;
			children = (
				388699951E4DD008006BC37E /* Base */,
			);
			name = Main.storyboard;
			sourceTree = "<group>";
		};
		388699991E4DD008006BC37E /* LaunchScreen.storyboard */ = {
			isa = PBXVariantGroup;
			children = (
				3886999A1E4DD008006BC37E /* Base */,
			);
			name = LaunchScreen.storyboard;
			sourceTree = "<group>";
		};
/* End PBXVariantGroup section */

/* Begin XCBuildConfiguration section */
		3886999D1E4DD008006BC37E /* Debug */ = {
			isa = XCBuildConfiguration;
			buildSettings = {
				ALWAYS_SEARCH_USER_PATHS = NO;
				CLANG_ANALYZER_NONNULL = YES;
				CLANG_CXX_LANGUAGE_STANDARD = "gnu++0x";
				CLANG_CXX_LIBRARY = "libc++";
				CLANG_ENABLE_MODULES = YES;
				CLANG_ENABLE_OBJC_ARC = YES;
				CLANG_WARN_BOOL_CONVERSION = YES;
				CLANG_WARN_CONSTANT_CONVERSION = YES;
				CLANG_WARN_DIRECT_OBJC_ISA_USAGE = YES_ERROR;
				CLANG_WARN_DOCUMENTATION_COMMENTS = YES;
				CLANG_WARN_EMPTY_BODY = YES;
				CLANG_WARN_ENUM_CONVERSION = YES;
				CLANG_WARN_INFINITE_RECURSION = YES;
				CLANG_WARN_INT_CONVERSION = YES;
				CLANG_WARN_OBJC_ROOT_CLASS = YES_ERROR;
				CLANG_WARN_SUSPICIOUS_MOVE = YES;
				CLANG_WARN_UNREACHABLE_CODE = YES;
				CLANG_WARN__DUPLICATE_METHOD_MATCH = YES;
				"CODE_SIGN_IDENTITY[sdk=iphoneos*]" = "iPhone Developer";
				COPY_PHASE_STRIP = NO;
				DEBUG_INFORMATION_FORMAT = dwarf;
				ENABLE_STRICT_OBJC_MSGSEND = YES;
				ENABLE_TESTABILITY = YES;
				GCC_C_LANGUAGE_STANDARD = gnu99;
				GCC_DYNAMIC_NO_PIC = NO;
				GCC_NO_COMMON_BLOCKS = YES;
				GCC_OPTIMIZATION_LEVEL = 0;
				GCC_PREPROCESSOR_DEFINITIONS = (
					"DEBUG=1",
					"$(inherited)",
				);
				GCC_WARN_64_TO_32_BIT_CONVERSION = YES;
				GCC_WARN_ABOUT_RETURN_TYPE = YES_ERROR;
				GCC_WARN_UNDECLARED_SELECTOR = YES;
				GCC_WARN_UNINITIALIZED_AUTOS = YES_AGGRESSIVE;
				GCC_WARN_UNUSED_FUNCTION = YES;
				GCC_WARN_UNUSED_VARIABLE = YES;
				IPHONEOS_DEPLOYMENT_TARGET = 10.2;
				MTL_ENABLE_DEBUG_INFO = YES;
				ONLY_ACTIVE_ARCH = YES;
				SDKROOT = iphoneos;
				SWIFT_ACTIVE_COMPILATION_CONDITIONS = DEBUG;
				SWIFT_OPTIMIZATION_LEVEL = "-Onone";
				TARGETED_DEVICE_FAMILY = "1,2";
			};
			name = Debug;
		};
		3886999E1E4DD008006BC37E /* Release */ = {
			isa = XCBuildConfiguration;
			buildSettings = {
				ALWAYS_SEARCH_USER_PATHS = NO;
				CLANG_ANALYZER_NONNULL = YES;
				CLANG_CXX_LANGUAGE_STANDARD = "gnu++0x";
				CLANG_CXX_LIBRARY = "libc++";
				CLANG_ENABLE_MODULES = YES;
				CLANG_ENABLE_OBJC_ARC = YES;
				CLANG_WARN_BOOL_CONVERSION = YES;
				CLANG_WARN_CONSTANT_CONVERSION = YES;
				CLANG_WARN_DIRECT_OBJC_ISA_USAGE = YES_ERROR;
				CLANG_WARN_DOCUMENTATION_COMMENTS = YES;
				CLANG_WARN_EMPTY_BODY = YES;
				CLANG_WARN_ENUM_CONVERSION = YES;
				CLANG_WARN_INFINITE_RECURSION = YES;
				CLANG_WARN_INT_CONVERSION = YES;
				CLANG_WARN_OBJC_ROOT_CLASS = YES_ERROR;
				CLANG_WARN_SUSPICIOUS_MOVE = YES;
				CLANG_WARN_UNREACHABLE_CODE = YES;
				CLANG_WARN__DUPLICATE_METHOD_MATCH = YES;
				"CODE_SIGN_IDENTITY[sdk=iphoneos*]" = "iPhone Developer";
				COPY_PHASE_STRIP = NO;
				DEBUG_INFORMATION_FORMAT = "dwarf-with-dsym";
				ENABLE_NS_ASSERTIONS = NO;
				ENABLE_STRICT_OBJC_MSGSEND = YES;
				GCC_C_LANGUAGE_STANDARD = gnu99;
				GCC_NO_COMMON_BLOCKS = YES;
				GCC_WARN_64_TO_32_BIT_CONVERSION = YES;
				GCC_WARN_ABOUT_RETURN_TYPE = YES_ERROR;
				GCC_WARN_UNDECLARED_SELECTOR = YES;
				GCC_WARN_UNINITIALIZED_AUTOS = YES_AGGRESSIVE;
				GCC_WARN_UNUSED_FUNCTION = YES;
				GCC_WARN_UNUSED_VARIABLE = YES;
				IPHONEOS_DEPLOYMENT_TARGET = 10.2;
				MTL_ENABLE_DEBUG_INFO = NO;
				SDKROOT = iphoneos;
				SWIFT_OPTIMIZATION_LEVEL = "-Owholemodule";
				TARGETED_DEVICE_FAMILY = "1,2";
				VALIDATE_PRODUCT = YES;
			};
			name = Release;
		};
		388699A01E4DD008006BC37E /* Debug */ = {
			isa = XCBuildConfiguration;
			buildSettings = {
				ASSETCATALOG_COMPILER_APPICON_NAME = AppIcon;
				CLANG_ENABLE_MODULES = YES;
				DEVELOPMENT_TEAM = U8Y4L9ZULC;
				INFOPLIST_FILE = Ordina_IoT/Info.plist;
				IPHONEOS_DEPLOYMENT_TARGET = 9.0;
				LD_RUNPATH_SEARCH_PATHS = "$(inherited) @executable_path/Frameworks";
				PRODUCT_BUNDLE_IDENTIFIER = "RW.Ordina-IoT";
				PRODUCT_NAME = "$(TARGET_NAME)";
				SWIFT_OBJC_BRIDGING_HEADER = "Ordina_IoT/Ordina_IoT-Bridging-Header.h";
				SWIFT_OPTIMIZATION_LEVEL = "-Onone";
				SWIFT_VERSION = 3.0;
				TARGETED_DEVICE_FAMILY = "1,2";
			};
			name = Debug;
		};
		388699A11E4DD008006BC37E /* Release */ = {
			isa = XCBuildConfiguration;
			buildSettings = {
				ASSETCATALOG_COMPILER_APPICON_NAME = AppIcon;
				CLANG_ENABLE_MODULES = YES;
				DEVELOPMENT_TEAM = U8Y4L9ZULC;
				INFOPLIST_FILE = Ordina_IoT/Info.plist;
				IPHONEOS_DEPLOYMENT_TARGET = 9.0;
				LD_RUNPATH_SEARCH_PATHS = "$(inherited) @executable_path/Frameworks";
				PRODUCT_BUNDLE_IDENTIFIER = "RW.Ordina-IoT";
				PRODUCT_NAME = "$(TARGET_NAME)";
				SWIFT_OBJC_BRIDGING_HEADER = "Ordina_IoT/Ordina_IoT-Bridging-Header.h";
				SWIFT_VERSION = 3.0;
				TARGETED_DEVICE_FAMILY = "1,2";
			};
			name = Release;
		};
/* End XCBuildConfiguration section */

/* Begin XCConfigurationList section */
		388699881E4DD008006BC37E /* Build configuration list for PBXProject "Ordina_IoT" */ = {
			isa = XCConfigurationList;
			buildConfigurations = (
				3886999D1E4DD008006BC37E /* Debug */,
				3886999E1E4DD008006BC37E /* Release */,
			);
			defaultConfigurationIsVisible = 0;
			defaultConfigurationName = Release;
		};
		3886999F1E4DD008006BC37E /* Build configuration list for PBXNativeTarget "Ordina_IoT" */ = {
			isa = XCConfigurationList;
			buildConfigurations = (
				388699A01E4DD008006BC37E /* Debug */,
				388699A11E4DD008006BC37E /* Release */,
			);
			defaultConfigurationIsVisible = 0;
			defaultConfigurationName = Release;
		};
/* End XCConfigurationList section */
	};
	rootObject = 388699851E4DD008006BC37E /* Project object */;
}
