// !$*UTF8*$!
{
	archiveVersion = 1;
	classes = {
	};
	objectVersion = 46;
	objects = {

/* Begin PBXBuildFile section */
		3816434D1E37766300D56451 /* AppDelegate.swift in Sources */ = {isa = PBXBuildFile; fileRef = 3816434C1E37766300D56451 /* AppDelegate.swift */; };
		3816434F1E37766300D56451 /* MainVC.swift in Sources */ = {isa = PBXBuildFile; fileRef = 3816434E1E37766300D56451 /* MainVC.swift */; };
		381643521E37766300D56451 /* Main.storyboard in Resources */ = {isa = PBXBuildFile; fileRef = 381643501E37766300D56451 /* Main.storyboard */; };
		381643571E37766300D56451 /* LaunchScreen.storyboard in Resources */ = {isa = PBXBuildFile; fileRef = 381643551E37766300D56451 /* LaunchScreen.storyboard */; };
		381643601E3776E000D56451 /* Page1VC.swift in Sources */ = {isa = PBXBuildFile; fileRef = 3816435E1E3776E000D56451 /* Page1VC.swift */; };
		381643611E3776E000D56451 /* Page1VC.xib in Resources */ = {isa = PBXBuildFile; fileRef = 3816435F1E3776E000D56451 /* Page1VC.xib */; };
		381643641E37779600D56451 /* Page2VC.swift in Sources */ = {isa = PBXBuildFile; fileRef = 381643621E37779600D56451 /* Page2VC.swift */; };
		381643651E37779600D56451 /* Page2VC.xib in Resources */ = {isa = PBXBuildFile; fileRef = 381643631E37779600D56451 /* Page2VC.xib */; };
		381643681E3780E200D56451 /* Page3VC.swift in Sources */ = {isa = PBXBuildFile; fileRef = 381643661E3780E200D56451 /* Page3VC.swift */; };
		381643691E3780E200D56451 /* Page3VC.xib in Resources */ = {isa = PBXBuildFile; fileRef = 381643671E3780E200D56451 /* Page3VC.xib */; };
		3816436C1E3782CF00D56451 /* BlueProgressMessage.swift in Sources */ = {isa = PBXBuildFile; fileRef = 3816436A1E3782CF00D56451 /* BlueProgressMessage.swift */; };
		3816436D1E3782CF00D56451 /* BluetoothConnectionDelegate.swift in Sources */ = {isa = PBXBuildFile; fileRef = 3816436B1E3782CF00D56451 /* BluetoothConnectionDelegate.swift */; };
		381643721E37843A00D56451 /* ScrollViewIndicator.swift in Sources */ = {isa = PBXBuildFile; fileRef = 381643711E37843A00D56451 /* ScrollViewIndicator.swift */; };
		381643771E37873D00D56451 /* MBProgressHUD.m in Sources */ = {isa = PBXBuildFile; fileRef = 381643761E37873D00D56451 /* MBProgressHUD.m */; };
		3816437F1E38DE7B00D56451 /* PageIndicator.swift in Sources */ = {isa = PBXBuildFile; fileRef = 3816437E1E38DE7B00D56451 /* PageIndicator.swift */; };
		381643821E38F0FB00D56451 /* ScanVC.swift in Sources */ = {isa = PBXBuildFile; fileRef = 381643811E38F0FB00D56451 /* ScanVC.swift */; };
		381643861E3A1D0200D56451 /* CustomButton.swift in Sources */ = {isa = PBXBuildFile; fileRef = 381643851E3A1D0200D56451 /* CustomButton.swift */; };
		38C5F2F41E48B4370018E470 /* Assets.xcassets in Resources */ = {isa = PBXBuildFile; fileRef = 381643531E37766300D56451 /* Assets.xcassets */; };
/* End PBXBuildFile section */

/* Begin PBXFileReference section */
		381643491E37766300D56451 /* Ordina IoT.app */ = {isa = PBXFileReference; explicitFileType = wrapper.application; includeInIndex = 0; path = "Ordina IoT.app"; sourceTree = BUILT_PRODUCTS_DIR; };
		3816434C1E37766300D56451 /* AppDelegate.swift */ = {isa = PBXFileReference; lastKnownFileType = sourcecode.swift; path = AppDelegate.swift; sourceTree = "<group>"; };
		3816434E1E37766300D56451 /* MainVC.swift */ = {isa = PBXFileReference; lastKnownFileType = sourcecode.swift; path = MainVC.swift; sourceTree = "<group>"; };
		381643511E37766300D56451 /* Base */ = {isa = PBXFileReference; lastKnownFileType = file.storyboard; name = Base; path = Base.lproj/Main.storyboard; sourceTree = "<group>"; };
		381643531E37766300D56451 /* Assets.xcassets */ = {isa = PBXFileReference; lastKnownFileType = folder.assetcatalog; path = Assets.xcassets; sourceTree = "<group>"; };
		381643561E37766300D56451 /* Base */ = {isa = PBXFileReference; lastKnownFileType = file.storyboard; name = Base; path = Base.lproj/LaunchScreen.storyboard; sourceTree = "<group>"; };
		381643581E37766300D56451 /* Info.plist */ = {isa = PBXFileReference; lastKnownFileType = text.plist.xml; path = Info.plist; sourceTree = "<group>"; };
		3816435E1E3776E000D56451 /* Page1VC.swift */ = {isa = PBXFileReference; fileEncoding = 4; lastKnownFileType = sourcecode.swift; path = Page1VC.swift; sourceTree = "<group>"; };
		3816435F1E3776E000D56451 /* Page1VC.xib */ = {isa = PBXFileReference; fileEncoding = 4; lastKnownFileType = file.xib; path = Page1VC.xib; sourceTree = "<group>"; };
		381643621E37779600D56451 /* Page2VC.swift */ = {isa = PBXFileReference; fileEncoding = 4; lastKnownFileType = sourcecode.swift; path = Page2VC.swift; sourceTree = "<group>"; };
		381643631E37779600D56451 /* Page2VC.xib */ = {isa = PBXFileReference; fileEncoding = 4; lastKnownFileType = file.xib; path = Page2VC.xib; sourceTree = "<group>"; };
		381643661E3780E200D56451 /* Page3VC.swift */ = {isa = PBXFileReference; fileEncoding = 4; lastKnownFileType = sourcecode.swift; path = Page3VC.swift; sourceTree = "<group>"; };
		381643671E3780E200D56451 /* Page3VC.xib */ = {isa = PBXFileReference; fileEncoding = 4; lastKnownFileType = file.xib; path = Page3VC.xib; sourceTree = "<group>"; };
		3816436A1E3782CF00D56451 /* BlueProgressMessage.swift */ = {isa = PBXFileReference; fileEncoding = 4; lastKnownFileType = sourcecode.swift; name = BlueProgressMessage.swift; path = ../BlueProgressMessage.swift; sourceTree = "<group>"; };
		3816436B1E3782CF00D56451 /* BluetoothConnectionDelegate.swift */ = {isa = PBXFileReference; fileEncoding = 4; lastKnownFileType = sourcecode.swift; name = BluetoothConnectionDelegate.swift; path = ../BluetoothConnectionDelegate.swift; sourceTree = "<group>"; };
		381643711E37843A00D56451 /* ScrollViewIndicator.swift */ = {isa = PBXFileReference; fileEncoding = 4; lastKnownFileType = sourcecode.swift; name = ScrollViewIndicator.swift; path = ../ScrollViewIndicator.swift; sourceTree = "<group>"; };
		381643741E37873C00D56451 /* Ordina IoT-Bridging-Header.h */ = {isa = PBXFileReference; lastKnownFileType = sourcecode.c.h; path = "Ordina IoT-Bridging-Header.h"; sourceTree = "<group>"; };
		381643751E37873D00D56451 /* MBProgressHUD.h */ = {isa = PBXFileReference; fileEncoding = 4; lastKnownFileType = sourcecode.c.h; path = MBProgressHUD.h; sourceTree = "<group>"; };
		381643761E37873D00D56451 /* MBProgressHUD.m */ = {isa = PBXFileReference; fileEncoding = 4; lastKnownFileType = sourcecode.c.objc; path = MBProgressHUD.m; sourceTree = "<group>"; };
		3816437E1E38DE7B00D56451 /* PageIndicator.swift */ = {isa = PBXFileReference; fileEncoding = 4; lastKnownFileType = sourcecode.swift; path = PageIndicator.swift; sourceTree = "<group>"; };
		381643811E38F0FB00D56451 /* ScanVC.swift */ = {isa = PBXFileReference; fileEncoding = 4; lastKnownFileType = sourcecode.swift; path = ScanVC.swift; sourceTree = "<group>"; };
		381643851E3A1D0200D56451 /* CustomButton.swift */ = {isa = PBXFileReference; fileEncoding = 4; lastKnownFileType = sourcecode.swift; path = CustomButton.swift; sourceTree = "<group>"; };
/* End PBXFileReference section */

/* Begin PBXFrameworksBuildPhase section */
		381643461E37766300D56451 /* Frameworks */ = {
			isa = PBXFrameworksBuildPhase;
			buildActionMask = 2147483647;
			files = (
			);
			runOnlyForDeploymentPostprocessing = 0;
		};
/* End PBXFrameworksBuildPhase section */

/* Begin PBXGroup section */
		381643401E37766300D56451 = {
			isa = PBXGroup;
			children = (
				3816434B1E37766300D56451 /* Ordina IoT */,
				3816434A1E37766300D56451 /* Products */,
			);
			sourceTree = "<group>";
		};
		3816434A1E37766300D56451 /* Products */ = {
			isa = PBXGroup;
			children = (
				381643491E37766300D56451 /* Ordina IoT.app */,
			);
			name = Products;
			sourceTree = "<group>";
		};
		3816434B1E37766300D56451 /* Ordina IoT */ = {
			isa = PBXGroup;
			children = (
				3816437B1E37A20000D56451 /* Model */,
				3816437C1E37A21300D56451 /* View */,
				3816436F1E37833F00D56451 /* Controllers */,
				3816434C1E37766300D56451 /* AppDelegate.swift */,
				381643501E37766300D56451 /* Main.storyboard */,
				381643531E37766300D56451 /* Assets.xcassets */,
				381643551E37766300D56451 /* LaunchScreen.storyboard */,
				381643581E37766300D56451 /* Info.plist */,
			);
			path = "Ordina IoT";
			sourceTree = "<group>";
		};
		3816436E1E37832500D56451 /* Xib files */ = {
			isa = PBXGroup;
			children = (
				3816435F1E3776E000D56451 /* Page1VC.xib */,
				381643631E37779600D56451 /* Page2VC.xib */,
				381643671E3780E200D56451 /* Page3VC.xib */,
			);
			name = "Xib files";
			sourceTree = "<group>";
		};
		3816436F1E37833F00D56451 /* Controllers */ = {
			isa = PBXGroup;
			children = (
				3816434E1E37766300D56451 /* MainVC.swift */,
				381643661E3780E200D56451 /* Page3VC.swift */,
				381643621E37779600D56451 /* Page2VC.swift */,
				3816435E1E3776E000D56451 /* Page1VC.swift */,
				381643811E38F0FB00D56451 /* ScanVC.swift */,
			);
			name = Controllers;
			sourceTree = "<group>";
		};
		3816437A1E37A1DB00D56451 /* BlueProgressMessage */ = {
			isa = PBXGroup;
			children = (
				3816436A1E3782CF00D56451 /* BlueProgressMessage.swift */,
				381643751E37873D00D56451 /* MBProgressHUD.h */,
				381643761E37873D00D56451 /* MBProgressHUD.m */,
				381643741E37873C00D56451 /* Ordina IoT-Bridging-Header.h */,
			);
			name = BlueProgressMessage;
			sourceTree = "<group>";
		};
		3816437B1E37A20000D56451 /* Model */ = {
			isa = PBXGroup;
			children = (
				3816436B1E3782CF00D56451 /* BluetoothConnectionDelegate.swift */,
			);
			name = Model;
			sourceTree = "<group>";
		};
		3816437C1E37A21300D56451 /* View */ = {
			isa = PBXGroup;
			children = (
				3816436E1E37832500D56451 /* Xib files */,
				3816437A1E37A1DB00D56451 /* BlueProgressMessage */,
				381643711E37843A00D56451 /* ScrollViewIndicator.swift */,
				3816437E1E38DE7B00D56451 /* PageIndicator.swift */,
				381643851E3A1D0200D56451 /* CustomButton.swift */,
			);
			name = View;
			sourceTree = "<group>";
		};
/* End PBXGroup section */

/* Begin PBXNativeTarget section */
		381643481E37766300D56451 /* Ordina IoT */ = {
			isa = PBXNativeTarget;
			buildConfigurationList = 3816435B1E37766300D56451 /* Build configuration list for PBXNativeTarget "Ordina IoT" */;
			buildPhases = (
				381643451E37766300D56451 /* Sources */,
				381643461E37766300D56451 /* Frameworks */,
				381643471E37766300D56451 /* Resources */,
			);
			buildRules = (
			);
			dependencies = (
			);
			name = "Ordina IoT";
			productName = "Ordina IoT";
			productReference = 381643491E37766300D56451 /* Ordina IoT.app */;
			productType = "com.apple.product-type.application";
		};
/* End PBXNativeTarget section */

/* Begin PBXProject section */
		381643411E37766300D56451 /* Project object */ = {
			isa = PBXProject;
			attributes = {
				LastSwiftUpdateCheck = 0820;
				LastUpgradeCheck = 0820;
				ORGANIZATIONNAME = Wo.;
				TargetAttributes = {
					381643481E37766300D56451 = {
						CreatedOnToolsVersion = 8.2.1;
						DevelopmentTeam = U8Y4L9ZULC;
						LastSwiftMigration = 0820;
						ProvisioningStyle = Automatic;
					};
				};
			};
			buildConfigurationList = 381643441E37766300D56451 /* Build configuration list for PBXProject "Ordina IoT" */;
			compatibilityVersion = "Xcode 3.2";
			developmentRegion = English;
			hasScannedForEncodings = 0;
			knownRegions = (
				en,
				Base,
			);
			mainGroup = 381643401E37766300D56451;
			productRefGroup = 3816434A1E37766300D56451 /* Products */;
			projectDirPath = "";
			projectRoot = "";
			targets = (
				381643481E37766300D56451 /* Ordina IoT */,
			);
		};
/* End PBXProject section */

/* Begin PBXResourcesBuildPhase section */
		381643471E37766300D56451 /* Resources */ = {
			isa = PBXResourcesBuildPhase;
			buildActionMask = 2147483647;
			files = (
				381643571E37766300D56451 /* LaunchScreen.storyboard in Resources */,
				381643521E37766300D56451 /* Main.storyboard in Resources */,
				381643651E37779600D56451 /* Page2VC.xib in Resources */,
				381643611E3776E000D56451 /* Page1VC.xib in Resources */,
				38C5F2F41E48B4370018E470 /* Assets.xcassets in Resources */,
				381643691E3780E200D56451 /* Page3VC.xib in Resources */,
			);
			runOnlyForDeploymentPostprocessing = 0;
		};
/* End PBXResourcesBuildPhase section */

/* Begin PBXSourcesBuildPhase section */
		381643451E37766300D56451 /* Sources */ = {
			isa = PBXSourcesBuildPhase;
			buildActionMask = 2147483647;
			files = (
				381643641E37779600D56451 /* Page2VC.swift in Sources */,
				381643601E3776E000D56451 /* Page1VC.swift in Sources */,
				3816434F1E37766300D56451 /* MainVC.swift in Sources */,
				381643681E3780E200D56451 /* Page3VC.swift in Sources */,
				381643771E37873D00D56451 /* MBProgressHUD.m in Sources */,
				381643721E37843A00D56451 /* ScrollViewIndicator.swift in Sources */,
				3816436D1E3782CF00D56451 /* BluetoothConnectionDelegate.swift in Sources */,
				3816436C1E3782CF00D56451 /* BlueProgressMessage.swift in Sources */,
				381643861E3A1D0200D56451 /* CustomButton.swift in Sources */,
				3816437F1E38DE7B00D56451 /* PageIndicator.swift in Sources */,
				3816434D1E37766300D56451 /* AppDelegate.swift in Sources */,
				381643821E38F0FB00D56451 /* ScanVC.swift in Sources */,
			);
			runOnlyForDeploymentPostprocessing = 0;
		};
/* End PBXSourcesBuildPhase section */

/* Begin PBXVariantGroup section */
		381643501E37766300D56451 /* Main.storyboard */ = {
			isa = PBXVariantGroup;
			children = (
				381643511E37766300D56451 /* Base */,
			);
			name = Main.storyboard;
			sourceTree = "<group>";
		};
		381643551E37766300D56451 /* LaunchScreen.storyboard */ = {
			isa = PBXVariantGroup;
			children = (
				381643561E37766300D56451 /* Base */,
			);
			name = LaunchScreen.storyboard;
			sourceTree = "<group>";
		};
/* End PBXVariantGroup section */

/* Begin XCBuildConfiguration section */
		381643591E37766300D56451 /* Debug */ = {
			isa = XCBuildConfiguration;
			buildSettings = {
				ALWAYS_SEARCH_USER_PATHS = NO;
				CLANG_ANALYZER_NONNULL = YES;
				CLANG_CXX_LANGUAGE_STANDARD = "gnu++0x";
				CLANG_CXX_LIBRARY = "libc++";
				CLANG_ENABLE_MODULES = YES;
				CLANG_ENABLE_OBJC_ARC = YES;
				CLANG_WARN_BOOL_CONVERSION = YES;
				CLANG_WARN_CONSTANT_CONVERSION = YES;
				CLANG_WARN_DIRECT_OBJC_ISA_USAGE = YES_ERROR;
				CLANG_WARN_DOCUMENTATION_COMMENTS = YES;
				CLANG_WARN_EMPTY_BODY = YES;
				CLANG_WARN_ENUM_CONVERSION = YES;
				CLANG_WARN_INFINITE_RECURSION = YES;
				CLANG_WARN_INT_CONVERSION = YES;
				CLANG_WARN_OBJC_ROOT_CLASS = YES_ERROR;
				CLANG_WARN_SUSPICIOUS_MOVE = YES;
				CLANG_WARN_UNREACHABLE_CODE = YES;
				CLANG_WARN__DUPLICATE_METHOD_MATCH = YES;
				"CODE_SIGN_IDENTITY[sdk=iphoneos*]" = "iPhone Developer";
				COPY_PHASE_STRIP = NO;
				DEBUG_INFORMATION_FORMAT = dwarf;
				ENABLE_STRICT_OBJC_MSGSEND = YES;
				ENABLE_TESTABILITY = YES;
				GCC_C_LANGUAGE_STANDARD = gnu99;
				GCC_DYNAMIC_NO_PIC = NO;
				GCC_NO_COMMON_BLOCKS = YES;
				GCC_OPTIMIZATION_LEVEL = 0;
				GCC_PREPROCESSOR_DEFINITIONS = (
					"DEBUG=1",
					"$(inherited)",
				);
				GCC_WARN_64_TO_32_BIT_CONVERSION = YES;
				GCC_WARN_ABOUT_RETURN_TYPE = YES_ERROR;
				GCC_WARN_UNDECLARED_SELECTOR = YES;
				GCC_WARN_UNINITIALIZED_AUTOS = YES_AGGRESSIVE;
				GCC_WARN_UNUSED_FUNCTION = YES;
				GCC_WARN_UNUSED_VARIABLE = YES;
				IPHONEOS_DEPLOYMENT_TARGET = 10.2;
				MTL_ENABLE_DEBUG_INFO = YES;
				ONLY_ACTIVE_ARCH = YES;
				SDKROOT = iphoneos;
				SWIFT_ACTIVE_COMPILATION_CONDITIONS = DEBUG;
				SWIFT_OPTIMIZATION_LEVEL = "-Onone";
				TARGETED_DEVICE_FAMILY = "1,2";
			};
			name = Debug;
		};
		3816435A1E37766300D56451 /* Release */ = {
			isa = XCBuildConfiguration;
			buildSettings = {
				ALWAYS_SEARCH_USER_PATHS = NO;
				CLANG_ANALYZER_NONNULL = YES;
				CLANG_CXX_LANGUAGE_STANDARD = "gnu++0x";
				CLANG_CXX_LIBRARY = "libc++";
				CLANG_ENABLE_MODULES = YES;
				CLANG_ENABLE_OBJC_ARC = YES;
				CLANG_WARN_BOOL_CONVERSION = YES;
				CLANG_WARN_CONSTANT_CONVERSION = YES;
				CLANG_WARN_DIRECT_OBJC_ISA_USAGE = YES_ERROR;
				CLANG_WARN_DOCUMENTATION_COMMENTS = YES;
				CLANG_WARN_EMPTY_BODY = YES;
				CLANG_WARN_ENUM_CONVERSION = YES;
				CLANG_WARN_INFINITE_RECURSION = YES;
				CLANG_WARN_INT_CONVERSION = YES;
				CLANG_WARN_OBJC_ROOT_CLASS = YES_ERROR;
				CLANG_WARN_SUSPICIOUS_MOVE = YES;
				CLANG_WARN_UNREACHABLE_CODE = YES;
				CLANG_WARN__DUPLICATE_METHOD_MATCH = YES;
				"CODE_SIGN_IDENTITY[sdk=iphoneos*]" = "iPhone Developer";
				COPY_PHASE_STRIP = NO;
				DEBUG_INFORMATION_FORMAT = "dwarf-with-dsym";
				ENABLE_NS_ASSERTIONS = NO;
				ENABLE_STRICT_OBJC_MSGSEND = YES;
				GCC_C_LANGUAGE_STANDARD = gnu99;
				GCC_NO_COMMON_BLOCKS = YES;
				GCC_WARN_64_TO_32_BIT_CONVERSION = YES;
				GCC_WARN_ABOUT_RETURN_TYPE = YES_ERROR;
				GCC_WARN_UNDECLARED_SELECTOR = YES;
				GCC_WARN_UNINITIALIZED_AUTOS = YES_AGGRESSIVE;
				GCC_WARN_UNUSED_FUNCTION = YES;
				GCC_WARN_UNUSED_VARIABLE = YES;
				IPHONEOS_DEPLOYMENT_TARGET = 10.2;
				MTL_ENABLE_DEBUG_INFO = NO;
				SDKROOT = iphoneos;
				SWIFT_OPTIMIZATION_LEVEL = "-Owholemodule";
				TARGETED_DEVICE_FAMILY = "1,2";
				VALIDATE_PRODUCT = YES;
			};
			name = Release;
		};
		3816435C1E37766300D56451 /* Debug */ = {
			isa = XCBuildConfiguration;
			buildSettings = {
				ASSETCATALOG_COMPILER_APPICON_NAME = AppIcon;
				CLANG_ENABLE_MODULES = YES;
				DEVELOPMENT_TEAM = U8Y4L9ZULC;
				INFOPLIST_FILE = "Ordina IoT/Info.plist";
				LD_RUNPATH_SEARCH_PATHS = "$(inherited) @executable_path/Frameworks";
				PRODUCT_BUNDLE_IDENTIFIER = "RW.Ordina-IoT";
				PRODUCT_NAME = "$(TARGET_NAME)";
				SWIFT_OBJC_BRIDGING_HEADER = "Ordina IoT/Ordina IoT-Bridging-Header.h";
				SWIFT_OPTIMIZATION_LEVEL = "-Onone";
				SWIFT_VERSION = 3.0;
			};
			name = Debug;
		};
		3816435D1E37766300D56451 /* Release */ = {
			isa = XCBuildConfiguration;
			buildSettings = {
				ASSETCATALOG_COMPILER_APPICON_NAME = AppIcon;
				CLANG_ENABLE_MODULES = YES;
				DEVELOPMENT_TEAM = U8Y4L9ZULC;
				INFOPLIST_FILE = "Ordina IoT/Info.plist";
				LD_RUNPATH_SEARCH_PATHS = "$(inherited) @executable_path/Frameworks";
				PRODUCT_BUNDLE_IDENTIFIER = "RW.Ordina-IoT";
				PRODUCT_NAME = "$(TARGET_NAME)";
				SWIFT_OBJC_BRIDGING_HEADER = "Ordina IoT/Ordina IoT-Bridging-Header.h";
				SWIFT_VERSION = 3.0;
			};
			name = Release;
		};
/* End XCBuildConfiguration section */

/* Begin XCConfigurationList section */
		381643441E37766300D56451 /* Build configuration list for PBXProject "Ordina IoT" */ = {
			isa = XCConfigurationList;
			buildConfigurations = (
				381643591E37766300D56451 /* Debug */,
				3816435A1E37766300D56451 /* Release */,
			);
			defaultConfigurationIsVisible = 0;
			defaultConfigurationName = Release;
		};
		3816435B1E37766300D56451 /* Build configuration list for PBXNativeTarget "Ordina IoT" */ = {
			isa = XCConfigurationList;
			buildConfigurations = (
				3816435C1E37766300D56451 /* Debug */,
				3816435D1E37766300D56451 /* Release */,
			);
			defaultConfigurationIsVisible = 0;
			defaultConfigurationName = Release;
		};
/* End XCConfigurationList section */
	};
	rootObject = 381643411E37766300D56451 /* Project object */;
}
